
Microsoft Visual Studio Solution File, Format Version 12.00
# Visual Studio Version 17
VisualStudioVersion = 17.7.34202.233
MinimumVisualStudioVersion = 10.0.40219.1
Project("{FAE04EC0-301F-11D3-BF4B-00C04F79EFBC}") = "c#", "c#\c#.csproj", "{27CC6428-C2D3-42E8-8D63-8A4914D0E44C}"
EndProject
Global
	GlobalSection(SolutionConfigurationPlatforms) = preSolution
		Debug|Any CPU = Debug|Any CPU
		Release|Any CPU = Release|Any CPU
	EndGlobalSection
	GlobalSection(ProjectConfigurationPlatforms) = postSolution
		{27CC6428-C2D3-42E8-8D63-8A4914D0E44C}.Debug|Any CPU.ActiveCfg = Debug|Any CPU
		{27CC6428-C2D3-42E8-8D63-8A4914D0E44C}.Debug|Any CPU.Build.0 = Debug|Any CPU
		{27CC6428-C2D3-42E8-8D63-8A4914D0E44C}.Release|Any CPU.ActiveCfg = Release|Any CPU
		{27CC6428-C2D3-42E8-8D63-8A4914D0E44C}.Release|Any CPU.Build.0 = Release|Any CPU
	EndGlobalSection
	GlobalSection(SolutionProperties) = preSolution
		HideSolutionNode = FALSE
	EndGlobalSection
	GlobalSection(ExtensibilityGlobals) = postSolution
		SolutionGuid = {23EE9B59-B4B4-4A6A-8D4E-6EFD47C43F00}
	EndGlobalSection
EndGlobal
